hash: bf9de91082b80c16d00651e3e833b85af28881ca8f40be468df666cc42575f80
updated: 2017-10-02T09:15:04.67409929+01:00
imports:
- name: github.com/antonholmquist/jason
  version: c23cef7eaa75a6a5b8810120e167bd590d8fd2ab
- name: github.com/asaskevich/govalidator
  version: 7b3beb6df3c42abd3509abfc3bcacc0fbfb7c877
- name: github.com/fsnotify/fsnotify
  version: 4da3e2cfbabc9f751898f250b49f2439785783a1
- name: github.com/hashicorp/hcl
  version: 68e816d1c783414e79bc65b3994d9ab6b0a722ab
  subpackages:
  - hcl/ast
  - hcl/parser
  - hcl/scanner
  - hcl/strconv
  - hcl/token
  - json/parser
  - json/scanner
  - json/token
- name: github.com/magiconair/properties
  version: 8d7837e64d3c1ee4e54a880c5a920ab4316fc90a
- name: github.com/mitchellh/mapstructure
  version: d0303fe809921458f417bcf828397a65db30a7e4
- name: github.com/namsral/flag
  version: 71ceffbeb0ba60fccc853971bb3ed4d7d90bfd04
- name: github.com/olivere/elastic
  version: 2a08d39723b7f4df92b96e2dff891a60952714d6
- name: github.com/onsi/ginkgo
  version: 11459a886d9cd66b319dac7ef1e917ee221372c9
  subpackages:
  - config
  - extensions/table
  - internal/codelocation
  - internal/containernode
  - internal/failer
  - internal/leafnodes
  - internal/remote
  - internal/spec
  - internal/spec_iterator
  - internal/specrunner
  - internal/suite
  - internal/testingtproxy
  - internal/writer
  - reporters
  - reporters/stenographer
  - reporters/stenographer/support/go-colorable
  - reporters/stenographer/support/go-isatty
  - types
- name: github.com/onsi/gomega
  version: dcabb60a477c2b6f456df65037cb6708210fbb02
  subpackages:
  - format
  - internal/assertion
  - internal/asyncassertion
  - internal/oraclematcher
  - internal/testingtsupport
  - matchers
  - matchers/support/goraph/bipartitegraph
  - matchers/support/goraph/edge
  - matchers/support/goraph/node
  - matchers/support/goraph/util
  - types
- name: github.com/pelletier/go-toml
  version: 2009e44b6f182e34d8ce081ac2767622937ea3d4
- name: github.com/pkg/errors
  version: 2b3a18b5f0fb6b4f9190549597d3f962c02bc5eb
- name: github.com/satori/go.uuid
  version: 879c5887cd475cd7864858769793b2ceb0d44feb
- name: github.com/shurcooL/go
  version: c661e953e604ba4a84a3c4e458462a481bd6ce72
  subpackages:
  - ctxhttp
- name: github.com/Sirupsen/logrus
  version: ba1b36c82c5e05c4f912a88eab0dcd91a171688f
  subpackages:
  - hooks/test
- name: github.com/spf13/afero
  version: ee1bd8ee15a1306d1f9201acc41ef39cd9f99a1b
  subpackages:
  - mem
- name: github.com/spf13/cast
  version: acbeb36b902d72a7a4c18e8f3241075e7ab763e4
- name: github.com/spf13/jwalterweatherman
  version: 12bd96e66386c1960ab0f74ced1362f66f552f7b
- name: github.com/spf13/pflag
  version: be7121dd7a937a85e1e4b1ddda6a3edce3466110
- name: github.com/spf13/viper
  version: d9cca5ef33035202efb1586825bdbb15ff9ec3ba
- name: golang.org/x/net
  version: 0a9397675ba34b2845f758fe3cd68828369c6517
  subpackages:
  - context
  - context/ctxhttp
  - html
  - html/atom
  - html/charset
- name: golang.org/x/sys
  version: 314a259e304ff91bd6985da2a7149bbf91237993
  subpackages:
  - unix
- name: golang.org/x/text
  version: 1cbadb444a806fd9430d14ad08967ed91da4fa0a
  subpackages:
  - encoding
  - encoding/charmap
  - encoding/htmlindex
  - encoding/internal
  - encoding/internal/identifier
  - encoding/japanese
  - encoding/korean
  - encoding/simplifiedchinese
  - encoding/traditionalchinese
  - encoding/unicode
  - internal/tag
  - internal/utf8internal
  - language
  - runes
  - transform
  - unicode/norm
- name: gopkg.in/olivere/elastic.v5
  version: 2a08d39723b7f4df92b96e2dff891a60952714d6
  subpackages:
  - config
  - uritemplates
- name: gopkg.in/yaml.v2
  version: eb3733d160e74a9c7e442f435eb3bea458e1d19f
testImports: []
