hash: 2518c6092e56e242db7c07b0efe2c6e974b84920ee0483d710c07999c3adfa7f
updated: 2016-12-17T12:35:37.851394255Z
imports:
- name: github.com/antonholmquist/jason
  version: c23cef7eaa75a6a5b8810120e167bd590d8fd2ab
- name: github.com/asaskevich/govalidator
  version: 7b3beb6df3c42abd3509abfc3bcacc0fbfb7c877
- name: github.com/namsral/flag
  version: 71ceffbeb0ba60fccc853971bb3ed4d7d90bfd04
- name: github.com/olivere/elastic
  version: b272fab42387a42585235d56f8c6b53b13ddfb7d
- name: github.com/Sirupsen/logrus
  version: 881bee4e20a5d11a6a88a5667c6f292072ac1963
- name: golang.org/x/net
  version: 45e771701b814666a7eb299e6c7a57d0b1799e91
  subpackages:
  - context
  - context/ctxhttp
- name: golang.org/x/sys
  version: d75a52659825e75fff6158388dddc6a5b04f9ba5
  subpackages:
  - unix
- name: gopkg.in/olivere/elastic.v5
  version: b272fab42387a42585235d56f8c6b53b13ddfb7d
  subpackages:
  - backoff
  - uritemplates
testImports: []
